
Microsoft Visual Studio Solution File, Format Version 12.00
# Visual Studio Version 16
VisualStudioVersion = 16.0.30114.105
MinimumVisualStudioVersion = 10.0.40219.1
Project("{2150E333-8FDC-42A3-9474-1A3956D46DE8}") = "Shared", "Shared", "{B8B82EBA-4E60-4045-ABC9-BAC178AB0D37}"
EndProject
Project("{F2A71F9B-5D33-465A-A702-920D77279786}") = "Antidote.Libraries", "Shared\Antidote.Libraries\Antidote.Libraries.fsproj", "{5084024F-9915-4232-BD1B-28C98028868C}"
EndProject
Project("{F2A71F9B-5D33-465A-A702-920D77279786}") = "Feliz.Bulma.Antidote.Extension", "Shared\Feliz.Bulma.Antidote.Extension\Feliz.Bulma.Antidote.Extension.fsproj", "{2517E1CB-FC01-405E-A47C-A93977388860}"
EndProject
Project("{2150E333-8FDC-42A3-9474-1A3956D46DE8}") = "Healix", "Healix", "{EDF127A2-1BB7-4771-82DC-38281766DF79}"
EndProject
Project("{F2A71F9B-5D33-465A-A702-920D77279786}") = "Healix.Client", "Healix\src\Healix.Client.fsproj", "{C3548318-3B78-4BE0-BD97-EC6E813DCE44}"
EndProject
Project("{F2A71F9B-5D33-465A-A702-920D77279786}") = "Build", "build\Build.fsproj", "{34947522-EA57-47E8-9AD4-7E807205E08B}"
EndProject
Project("{F2A71F9B-5D33-465A-A702-920D77279786}") = "Antidote.Core.V2", "Shared\Antidote.Core.V2\Antidote.Core.V2.fsproj", "{BCF6E09A-6ADA-4631-A0A3-471C12FA5067}"
EndProject
Global
	GlobalSection(SolutionConfigurationPlatforms) = preSolution
		Debug|Any CPU = Debug|Any CPU
		Release|Any CPU = Release|Any CPU
	EndGlobalSection
	GlobalSection(SolutionProperties) = preSolution
		HideSolutionNode = FALSE
	EndGlobalSection
	GlobalSection(ProjectConfigurationPlatforms) = postSolution
		{5084024F-9915-4232-BD1B-28C98028868C}.Debug|Any CPU.ActiveCfg = Debug|Any CPU
		{5084024F-9915-4232-BD1B-28C98028868C}.Debug|Any CPU.Build.0 = Debug|Any CPU
		{5084024F-9915-4232-BD1B-28C98028868C}.Release|Any CPU.ActiveCfg = Release|Any CPU
		{5084024F-9915-4232-BD1B-28C98028868C}.Release|Any CPU.Build.0 = Release|Any CPU
		{2517E1CB-FC01-405E-A47C-A93977388860}.Debug|Any CPU.ActiveCfg = Debug|Any CPU
		{2517E1CB-FC01-405E-A47C-A93977388860}.Debug|Any CPU.Build.0 = Debug|Any CPU
		{2517E1CB-FC01-405E-A47C-A93977388860}.Release|Any CPU.ActiveCfg = Release|Any CPU
		{2517E1CB-FC01-405E-A47C-A93977388860}.Release|Any CPU.Build.0 = Release|Any CPU
		{C3548318-3B78-4BE0-BD97-EC6E813DCE44}.Debug|Any CPU.ActiveCfg = Debug|Any CPU
		{C3548318-3B78-4BE0-BD97-EC6E813DCE44}.Debug|Any CPU.Build.0 = Debug|Any CPU
		{C3548318-3B78-4BE0-BD97-EC6E813DCE44}.Release|Any CPU.ActiveCfg = Release|Any CPU
		{C3548318-3B78-4BE0-BD97-EC6E813DCE44}.Release|Any CPU.Build.0 = Release|Any CPU
		{34947522-EA57-47E8-9AD4-7E807205E08B}.Debug|Any CPU.ActiveCfg = Debug|Any CPU
		{34947522-EA57-47E8-9AD4-7E807205E08B}.Debug|Any CPU.Build.0 = Debug|Any CPU
		{34947522-EA57-47E8-9AD4-7E807205E08B}.Release|Any CPU.ActiveCfg = Release|Any CPU
		{34947522-EA57-47E8-9AD4-7E807205E08B}.Release|Any CPU.Build.0 = Release|Any CPU
		{BCF6E09A-6ADA-4631-A0A3-471C12FA5067}.Debug|Any CPU.ActiveCfg = Debug|Any CPU
		{BCF6E09A-6ADA-4631-A0A3-471C12FA5067}.Debug|Any CPU.Build.0 = Debug|Any CPU
		{BCF6E09A-6ADA-4631-A0A3-471C12FA5067}.Release|Any CPU.ActiveCfg = Release|Any CPU
		{BCF6E09A-6ADA-4631-A0A3-471C12FA5067}.Release|Any CPU.Build.0 = Release|Any CPU
	EndGlobalSection
	GlobalSection(NestedProjects) = preSolution
		{5084024F-9915-4232-BD1B-28C98028868C} = {B8B82EBA-4E60-4045-ABC9-BAC178AB0D37}
		{2517E1CB-FC01-405E-A47C-A93977388860} = {B8B82EBA-4E60-4045-ABC9-BAC178AB0D37}
		{C3548318-3B78-4BE0-BD97-EC6E813DCE44} = {EDF127A2-1BB7-4771-82DC-38281766DF79}
		{BCF6E09A-6ADA-4631-A0A3-471C12FA5067} = {B8B82EBA-4E60-4045-ABC9-BAC178AB0D37}
	EndGlobalSection
EndGlobal
