
Microsoft Visual Studio Solution File, Format Version 12.00
# Visual Studio Version 16
VisualStudioVersion = 16.0.30114.105
MinimumVisualStudioVersion = 10.0.40219.1
Project("{2150E333-8FDC-42A3-9474-1A3956D46DE8}") = "Shared", "Shared", "{B8B82EBA-4E60-4045-ABC9-BAC178AB0D37}"
EndProject
Project("{F2A71F9B-5D33-465A-A702-920D77279786}") = "Antidote.Libraries", "Shared\Antidote.Libraries\Antidote.Libraries.fsproj", "{5084024F-9915-4232-BD1B-28C98028868C}"
EndProject
Project("{2150E333-8FDC-42A3-9474-1A3956D46DE8}") = "BehavioralBackup", "BehavioralBackup", "{4F867D78-7740-472A-8535-016077454839}"
EndProject
Project("{F2A71F9B-5D33-465A-A702-920D77279786}") = "BehavioralBackup.Client", "BehavioralBackup\src\BehavioralBackup.Client.fsproj", "{516A4FAB-62DC-4440-8AD1-F9C2CD252D1B}"
EndProject
Project("{F2A71F9B-5D33-465A-A702-920D77279786}") = "Fable.Form.Antidote", "Shared\Fable.Form.Antidote\Fable.Form.Antidote.fsproj", "{30B1D28C-2813-43AD-BD02-4E6BA192A795}"
EndProject
Project("{F2A71F9B-5D33-465A-A702-920D77279786}") = "Fable.Form.Antidote.View", "Shared\Fable.Form.Antidote.View\Fable.Form.Antidote.View.fsproj", "{C5D92E37-037C-4B47-9B26-CE44E6754EB7}"
EndProject
Project("{F2A71F9B-5D33-465A-A702-920D77279786}") = "Feliz.Bulma.Antidote.Extension", "Shared\Feliz.Bulma.Antidote.Extension\Feliz.Bulma.Antidote.Extension.fsproj", "{2517E1CB-FC01-405E-A47C-A93977388860}"
EndProject
Project("{F2A71F9B-5D33-465A-A702-920D77279786}") = "Antidote.React", "Shared\Antidote.React\Antidote.React.fsproj", "{05B9E89C-4946-4879-9E0F-1508CD001D12}"
EndProject
Project("{2150E333-8FDC-42A3-9474-1A3956D46DE8}") = "Healix", "Healix", "{EDF127A2-1BB7-4771-82DC-38281766DF79}"
EndProject
Project("{F2A71F9B-5D33-465A-A702-920D77279786}") = "Healix.Client", "Healix\src\Healix.Client.fsproj", "{C3548318-3B78-4BE0-BD97-EC6E813DCE44}"
EndProject
Project("{F2A71F9B-5D33-465A-A702-920D77279786}") = "Build", "build\Build.fsproj", "{34947522-EA57-47E8-9AD4-7E807205E08B}"
EndProject
Project("{2150E333-8FDC-42A3-9474-1A3956D46DE8}") = "Server", "Server", "{8D8D1BB3-E56D-487C-9A8C-E82EC5AE4AD3}"
EndProject
Project("{F2A71F9B-5D33-465A-A702-920D77279786}") = "Antidote.Database", "Server\Antidote.Database\Antidote.Database.fsproj", "{BC605565-38A9-43BE-B463-90FC75E885DF}"
EndProject
Project("{F2A71F9B-5D33-465A-A702-920D77279786}") = "Antidote.Seed.Runner", "Server\Antidote.Seed.Runner\Antidote.Seed.Runner.fsproj", "{13134FE3-A3DC-4D1B-8013-D3DC00C526DE}"
EndProject
Project("{F2A71F9B-5D33-465A-A702-920D77279786}") = "Antidote.Server", "Server\Antidote.Server\Antidote.Server.fsproj", "{035B999A-20AF-4042-BE22-BD9BB61B2F03}"
EndProject
Project("{F2A71F9B-5D33-465A-A702-920D77279786}") = "Antidote.Core.V2", "Shared\Antidote.Core.V2\Antidote.Core.V2.fsproj", "{BCF6E09A-6ADA-4631-A0A3-471C12FA5067}"
EndProject
Project("{F2A71F9B-5D33-465A-A702-920D77279786}") = "Antidote.Server.Tests", "Server\Antidote.Server.Tests\Antidote.Server.Tests.fsproj", "{2A9C0D51-EB2D-47A3-94F1-11B4EA1FB4A6}"
EndProject
Project("{F2A71F9B-5D33-465A-A702-920D77279786}") = "Antidote.Database.TenantCatalog", "Server\Antidote.Database.TenantCatalog\Antidote.Database.TenantCatalog.fsproj", "{BF7B3BE3-064D-4875-900D-0F13D9C9A3EA}"
EndProject
Project("{FAE04EC0-301F-11D3-BF4B-00C04F79EFBC}") = "Antidote.Server.SignalR", "Server\Antidote.Server.SignalR\Antidote.Server.SignalR.csproj", "{4E04F0EB-7BA7-45BE-94BB-C6B542577294}"
EndProject
Project("{F2A71F9B-5D33-465A-A702-920D77279786}") = "Antidote.Client", "Shared\Antidote.Client\Antidote.Client.fsproj", "{C83C7978-4B1B-4608-9996-64F278DF8EBB}"
EndProject
Project("{F2A71F9B-5D33-465A-A702-920D77279786}") = "Glutinum.jsPDF", "Shared\Glutinum.jsPDF\Glutinum.jsPDF.fsproj", "{BF0B7C3A-98E8-465C-9BCF-FA369FEA22C6}"
EndProject
Project("{F2A71F9B-5D33-465A-A702-920D77279786}") = "Glutinum.jsPDF.AutoTable", "Shared\Glutinum.jsPDF.AutoTable\Glutinum.jsPDF.AutoTable.fsproj", "{170EC614-7189-4823-BC5B-5C8BE2F767F7}"
EndProject
Project("{F2A71F9B-5D33-465A-A702-920D77279786}") = "Glutinum.Capgo.CapacitorUpdater", "Shared\Glutinum.Capgo.CapacitorUpdater\Glutinum.Capgo.CapacitorUpdater.fsproj", "{0000BA6B-CEBC-420F-B093-A800B180BF23}"
EndProject
Project("{F2A71F9B-5D33-465A-A702-920D77279786}") = "Glutinum.Capacitor.Filesystem", "Shared\Glutinum.Capacitor.Filesystem\Glutinum.Capacitor.Filesystem.fsproj", "{939F7B0A-EE5B-48B4-BEB4-A622ED50EDD9}"
EndProject
Project("{F2A71F9B-5D33-465A-A702-920D77279786}") = "Glutinum.Ionic.PwaElements", "Shared\Glutinum.Ionic.PwaElements\Glutinum.Ionic.PwaElements.fsproj", "{CFF9E387-749F-4D7A-A2A5-996A9E724B74}"
EndProject
Project("{F2A71F9B-5D33-465A-A702-920D77279786}") = "Glutinum.Capacitor.Camera", "Shared\Glutinum.Capacitor.Camera\Glutinum.Capacitor.Camera.fsproj", "{CF34B256-F866-4C7C-ABBA-515AB49A410D}"
EndProject
Project("{F2A71F9B-5D33-465A-A702-920D77279786}") = "Glutinum.Capacitor.Core", "Shared\Glutinum.Capacitor.Core\Glutinum.Capacitor.Core.fsproj", "{B3E22D5B-010C-45DF-8A59-B3A4836194D7}"
EndProject
Project("{F2A71F9B-5D33-465A-A702-920D77279786}") = "Antidote.Love", "Antidote.Love\Antidote.Love.fsproj", "{C21495D6-A906-4A7B-881A-AE15EF0DB9A3}"
EndProject
Project("{F2A71F9B-5D33-465A-A702-920D77279786}") = "Antidote.Core.FormProcessor", "Shared\Antidote.Core.FormProcessor\Antidote.Core.FormProcessor.fsproj", "{A8E2757C-0B91-449A-97B2-23DDADF07CB7}"
EndProject
Project("{F2A71F9B-5D33-465A-A702-920D77279786}") = "Antidote.i18n", "Antidote.i18n\Antidote.i18n.fsproj", "{9C80D072-0045-4467-A33C-3886FB4BE364}"
EndProject
Global
	GlobalSection(SolutionConfigurationPlatforms) = preSolution
		Debug|Any CPU = Debug|Any CPU
		Release|Any CPU = Release|Any CPU
	EndGlobalSection
	GlobalSection(SolutionProperties) = preSolution
		HideSolutionNode = FALSE
	EndGlobalSection
	GlobalSection(ProjectConfigurationPlatforms) = postSolution
		{5084024F-9915-4232-BD1B-28C98028868C}.Debug|Any CPU.ActiveCfg = Debug|Any CPU
		{5084024F-9915-4232-BD1B-28C98028868C}.Debug|Any CPU.Build.0 = Debug|Any CPU
		{5084024F-9915-4232-BD1B-28C98028868C}.Release|Any CPU.ActiveCfg = Release|Any CPU
		{5084024F-9915-4232-BD1B-28C98028868C}.Release|Any CPU.Build.0 = Release|Any CPU
		{516A4FAB-62DC-4440-8AD1-F9C2CD252D1B}.Debug|Any CPU.ActiveCfg = Debug|Any CPU
		{516A4FAB-62DC-4440-8AD1-F9C2CD252D1B}.Debug|Any CPU.Build.0 = Debug|Any CPU
		{516A4FAB-62DC-4440-8AD1-F9C2CD252D1B}.Release|Any CPU.ActiveCfg = Release|Any CPU
		{516A4FAB-62DC-4440-8AD1-F9C2CD252D1B}.Release|Any CPU.Build.0 = Release|Any CPU
		{30B1D28C-2813-43AD-BD02-4E6BA192A795}.Debug|Any CPU.ActiveCfg = Debug|Any CPU
		{30B1D28C-2813-43AD-BD02-4E6BA192A795}.Debug|Any CPU.Build.0 = Debug|Any CPU
		{30B1D28C-2813-43AD-BD02-4E6BA192A795}.Release|Any CPU.ActiveCfg = Release|Any CPU
		{30B1D28C-2813-43AD-BD02-4E6BA192A795}.Release|Any CPU.Build.0 = Release|Any CPU
		{C5D92E37-037C-4B47-9B26-CE44E6754EB7}.Debug|Any CPU.ActiveCfg = Debug|Any CPU
		{C5D92E37-037C-4B47-9B26-CE44E6754EB7}.Debug|Any CPU.Build.0 = Debug|Any CPU
		{C5D92E37-037C-4B47-9B26-CE44E6754EB7}.Release|Any CPU.ActiveCfg = Release|Any CPU
		{C5D92E37-037C-4B47-9B26-CE44E6754EB7}.Release|Any CPU.Build.0 = Release|Any CPU
		{2517E1CB-FC01-405E-A47C-A93977388860}.Debug|Any CPU.ActiveCfg = Debug|Any CPU
		{2517E1CB-FC01-405E-A47C-A93977388860}.Debug|Any CPU.Build.0 = Debug|Any CPU
		{2517E1CB-FC01-405E-A47C-A93977388860}.Release|Any CPU.ActiveCfg = Release|Any CPU
		{2517E1CB-FC01-405E-A47C-A93977388860}.Release|Any CPU.Build.0 = Release|Any CPU
		{05B9E89C-4946-4879-9E0F-1508CD001D12}.Debug|Any CPU.ActiveCfg = Debug|Any CPU
		{05B9E89C-4946-4879-9E0F-1508CD001D12}.Debug|Any CPU.Build.0 = Debug|Any CPU
		{05B9E89C-4946-4879-9E0F-1508CD001D12}.Release|Any CPU.ActiveCfg = Release|Any CPU
		{05B9E89C-4946-4879-9E0F-1508CD001D12}.Release|Any CPU.Build.0 = Release|Any CPU
		{C3548318-3B78-4BE0-BD97-EC6E813DCE44}.Debug|Any CPU.ActiveCfg = Debug|Any CPU
		{C3548318-3B78-4BE0-BD97-EC6E813DCE44}.Debug|Any CPU.Build.0 = Debug|Any CPU
		{C3548318-3B78-4BE0-BD97-EC6E813DCE44}.Release|Any CPU.ActiveCfg = Release|Any CPU
		{C3548318-3B78-4BE0-BD97-EC6E813DCE44}.Release|Any CPU.Build.0 = Release|Any CPU
		{34947522-EA57-47E8-9AD4-7E807205E08B}.Debug|Any CPU.ActiveCfg = Debug|Any CPU
		{34947522-EA57-47E8-9AD4-7E807205E08B}.Debug|Any CPU.Build.0 = Debug|Any CPU
		{34947522-EA57-47E8-9AD4-7E807205E08B}.Release|Any CPU.ActiveCfg = Release|Any CPU
		{34947522-EA57-47E8-9AD4-7E807205E08B}.Release|Any CPU.Build.0 = Release|Any CPU
		{BC605565-38A9-43BE-B463-90FC75E885DF}.Debug|Any CPU.ActiveCfg = Debug|Any CPU
		{BC605565-38A9-43BE-B463-90FC75E885DF}.Debug|Any CPU.Build.0 = Debug|Any CPU
		{BC605565-38A9-43BE-B463-90FC75E885DF}.Release|Any CPU.ActiveCfg = Release|Any CPU
		{BC605565-38A9-43BE-B463-90FC75E885DF}.Release|Any CPU.Build.0 = Release|Any CPU
		{13134FE3-A3DC-4D1B-8013-D3DC00C526DE}.Debug|Any CPU.ActiveCfg = Debug|Any CPU
		{13134FE3-A3DC-4D1B-8013-D3DC00C526DE}.Debug|Any CPU.Build.0 = Debug|Any CPU
		{13134FE3-A3DC-4D1B-8013-D3DC00C526DE}.Release|Any CPU.ActiveCfg = Release|Any CPU
		{13134FE3-A3DC-4D1B-8013-D3DC00C526DE}.Release|Any CPU.Build.0 = Release|Any CPU
		{035B999A-20AF-4042-BE22-BD9BB61B2F03}.Debug|Any CPU.ActiveCfg = Debug|Any CPU
		{035B999A-20AF-4042-BE22-BD9BB61B2F03}.Debug|Any CPU.Build.0 = Debug|Any CPU
		{035B999A-20AF-4042-BE22-BD9BB61B2F03}.Release|Any CPU.ActiveCfg = Release|Any CPU
		{035B999A-20AF-4042-BE22-BD9BB61B2F03}.Release|Any CPU.Build.0 = Release|Any CPU
		{BCF6E09A-6ADA-4631-A0A3-471C12FA5067}.Debug|Any CPU.ActiveCfg = Debug|Any CPU
		{BCF6E09A-6ADA-4631-A0A3-471C12FA5067}.Debug|Any CPU.Build.0 = Debug|Any CPU
		{BCF6E09A-6ADA-4631-A0A3-471C12FA5067}.Release|Any CPU.ActiveCfg = Release|Any CPU
		{BCF6E09A-6ADA-4631-A0A3-471C12FA5067}.Release|Any CPU.Build.0 = Release|Any CPU
		{2A9C0D51-EB2D-47A3-94F1-11B4EA1FB4A6}.Debug|Any CPU.ActiveCfg = Debug|Any CPU
		{2A9C0D51-EB2D-47A3-94F1-11B4EA1FB4A6}.Debug|Any CPU.Build.0 = Debug|Any CPU
		{2A9C0D51-EB2D-47A3-94F1-11B4EA1FB4A6}.Release|Any CPU.ActiveCfg = Release|Any CPU
		{2A9C0D51-EB2D-47A3-94F1-11B4EA1FB4A6}.Release|Any CPU.Build.0 = Release|Any CPU
		{BF7B3BE3-064D-4875-900D-0F13D9C9A3EA}.Debug|Any CPU.ActiveCfg = Debug|Any CPU
		{BF7B3BE3-064D-4875-900D-0F13D9C9A3EA}.Debug|Any CPU.Build.0 = Debug|Any CPU
		{BF7B3BE3-064D-4875-900D-0F13D9C9A3EA}.Release|Any CPU.ActiveCfg = Release|Any CPU
		{BF7B3BE3-064D-4875-900D-0F13D9C9A3EA}.Release|Any CPU.Build.0 = Release|Any CPU
		{4E04F0EB-7BA7-45BE-94BB-C6B542577294}.Debug|Any CPU.ActiveCfg = Debug|Any CPU
		{4E04F0EB-7BA7-45BE-94BB-C6B542577294}.Debug|Any CPU.Build.0 = Debug|Any CPU
		{4E04F0EB-7BA7-45BE-94BB-C6B542577294}.Release|Any CPU.ActiveCfg = Release|Any CPU
		{4E04F0EB-7BA7-45BE-94BB-C6B542577294}.Release|Any CPU.Build.0 = Release|Any CPU
		{C83C7978-4B1B-4608-9996-64F278DF8EBB}.Debug|Any CPU.ActiveCfg = Debug|Any CPU
		{C83C7978-4B1B-4608-9996-64F278DF8EBB}.Debug|Any CPU.Build.0 = Debug|Any CPU
		{C83C7978-4B1B-4608-9996-64F278DF8EBB}.Release|Any CPU.ActiveCfg = Release|Any CPU
		{C83C7978-4B1B-4608-9996-64F278DF8EBB}.Release|Any CPU.Build.0 = Release|Any CPU
		{BF0B7C3A-98E8-465C-9BCF-FA369FEA22C6}.Debug|Any CPU.ActiveCfg = Debug|Any CPU
		{BF0B7C3A-98E8-465C-9BCF-FA369FEA22C6}.Debug|Any CPU.Build.0 = Debug|Any CPU
		{BF0B7C3A-98E8-465C-9BCF-FA369FEA22C6}.Release|Any CPU.ActiveCfg = Release|Any CPU
		{BF0B7C3A-98E8-465C-9BCF-FA369FEA22C6}.Release|Any CPU.Build.0 = Release|Any CPU
		{170EC614-7189-4823-BC5B-5C8BE2F767F7}.Debug|Any CPU.ActiveCfg = Debug|Any CPU
		{170EC614-7189-4823-BC5B-5C8BE2F767F7}.Debug|Any CPU.Build.0 = Debug|Any CPU
		{170EC614-7189-4823-BC5B-5C8BE2F767F7}.Release|Any CPU.ActiveCfg = Release|Any CPU
		{170EC614-7189-4823-BC5B-5C8BE2F767F7}.Release|Any CPU.Build.0 = Release|Any CPU
		{0000BA6B-CEBC-420F-B093-A800B180BF23}.Debug|Any CPU.ActiveCfg = Debug|Any CPU
		{0000BA6B-CEBC-420F-B093-A800B180BF23}.Debug|Any CPU.Build.0 = Debug|Any CPU
		{0000BA6B-CEBC-420F-B093-A800B180BF23}.Release|Any CPU.ActiveCfg = Release|Any CPU
		{0000BA6B-CEBC-420F-B093-A800B180BF23}.Release|Any CPU.Build.0 = Release|Any CPU
		{939F7B0A-EE5B-48B4-BEB4-A622ED50EDD9}.Debug|Any CPU.ActiveCfg = Debug|Any CPU
		{939F7B0A-EE5B-48B4-BEB4-A622ED50EDD9}.Debug|Any CPU.Build.0 = Debug|Any CPU
		{939F7B0A-EE5B-48B4-BEB4-A622ED50EDD9}.Release|Any CPU.ActiveCfg = Release|Any CPU
		{939F7B0A-EE5B-48B4-BEB4-A622ED50EDD9}.Release|Any CPU.Build.0 = Release|Any CPU
		{CFF9E387-749F-4D7A-A2A5-996A9E724B74}.Debug|Any CPU.ActiveCfg = Debug|Any CPU
		{CFF9E387-749F-4D7A-A2A5-996A9E724B74}.Debug|Any CPU.Build.0 = Debug|Any CPU
		{CFF9E387-749F-4D7A-A2A5-996A9E724B74}.Release|Any CPU.ActiveCfg = Release|Any CPU
		{CFF9E387-749F-4D7A-A2A5-996A9E724B74}.Release|Any CPU.Build.0 = Release|Any CPU
		{CF34B256-F866-4C7C-ABBA-515AB49A410D}.Debug|Any CPU.ActiveCfg = Debug|Any CPU
		{CF34B256-F866-4C7C-ABBA-515AB49A410D}.Debug|Any CPU.Build.0 = Debug|Any CPU
		{CF34B256-F866-4C7C-ABBA-515AB49A410D}.Release|Any CPU.ActiveCfg = Release|Any CPU
		{CF34B256-F866-4C7C-ABBA-515AB49A410D}.Release|Any CPU.Build.0 = Release|Any CPU
		{B3E22D5B-010C-45DF-8A59-B3A4836194D7}.Debug|Any CPU.ActiveCfg = Debug|Any CPU
		{B3E22D5B-010C-45DF-8A59-B3A4836194D7}.Debug|Any CPU.Build.0 = Debug|Any CPU
		{B3E22D5B-010C-45DF-8A59-B3A4836194D7}.Release|Any CPU.ActiveCfg = Release|Any CPU
		{B3E22D5B-010C-45DF-8A59-B3A4836194D7}.Release|Any CPU.Build.0 = Release|Any CPU
		{C21495D6-A906-4A7B-881A-AE15EF0DB9A3}.Debug|Any CPU.ActiveCfg = Debug|Any CPU
		{C21495D6-A906-4A7B-881A-AE15EF0DB9A3}.Debug|Any CPU.Build.0 = Debug|Any CPU
		{C21495D6-A906-4A7B-881A-AE15EF0DB9A3}.Release|Any CPU.ActiveCfg = Release|Any CPU
		{C21495D6-A906-4A7B-881A-AE15EF0DB9A3}.Release|Any CPU.Build.0 = Release|Any CPU
		{A8E2757C-0B91-449A-97B2-23DDADF07CB7}.Debug|Any CPU.ActiveCfg = Debug|Any CPU
		{A8E2757C-0B91-449A-97B2-23DDADF07CB7}.Debug|Any CPU.Build.0 = Debug|Any CPU
		{A8E2757C-0B91-449A-97B2-23DDADF07CB7}.Release|Any CPU.ActiveCfg = Release|Any CPU
		{A8E2757C-0B91-449A-97B2-23DDADF07CB7}.Release|Any CPU.Build.0 = Release|Any CPU
		{9C80D072-0045-4467-A33C-3886FB4BE364}.Debug|Any CPU.ActiveCfg = Debug|Any CPU
		{9C80D072-0045-4467-A33C-3886FB4BE364}.Debug|Any CPU.Build.0 = Debug|Any CPU
		{9C80D072-0045-4467-A33C-3886FB4BE364}.Release|Any CPU.ActiveCfg = Release|Any CPU
		{9C80D072-0045-4467-A33C-3886FB4BE364}.Release|Any CPU.Build.0 = Release|Any CPU
	EndGlobalSection
	GlobalSection(NestedProjects) = preSolution
		{5084024F-9915-4232-BD1B-28C98028868C} = {B8B82EBA-4E60-4045-ABC9-BAC178AB0D37}
		{516A4FAB-62DC-4440-8AD1-F9C2CD252D1B} = {4F867D78-7740-472A-8535-016077454839}
		{30B1D28C-2813-43AD-BD02-4E6BA192A795} = {B8B82EBA-4E60-4045-ABC9-BAC178AB0D37}
		{C5D92E37-037C-4B47-9B26-CE44E6754EB7} = {B8B82EBA-4E60-4045-ABC9-BAC178AB0D37}
		{2517E1CB-FC01-405E-A47C-A93977388860} = {B8B82EBA-4E60-4045-ABC9-BAC178AB0D37}
		{05B9E89C-4946-4879-9E0F-1508CD001D12} = {B8B82EBA-4E60-4045-ABC9-BAC178AB0D37}
		{C3548318-3B78-4BE0-BD97-EC6E813DCE44} = {EDF127A2-1BB7-4771-82DC-38281766DF79}
		{BC605565-38A9-43BE-B463-90FC75E885DF} = {8D8D1BB3-E56D-487C-9A8C-E82EC5AE4AD3}
		{13134FE3-A3DC-4D1B-8013-D3DC00C526DE} = {8D8D1BB3-E56D-487C-9A8C-E82EC5AE4AD3}
		{035B999A-20AF-4042-BE22-BD9BB61B2F03} = {8D8D1BB3-E56D-487C-9A8C-E82EC5AE4AD3}
		{BCF6E09A-6ADA-4631-A0A3-471C12FA5067} = {B8B82EBA-4E60-4045-ABC9-BAC178AB0D37}
		{2A9C0D51-EB2D-47A3-94F1-11B4EA1FB4A6} = {8D8D1BB3-E56D-487C-9A8C-E82EC5AE4AD3}
		{BF7B3BE3-064D-4875-900D-0F13D9C9A3EA} = {8D8D1BB3-E56D-487C-9A8C-E82EC5AE4AD3}
		{4E04F0EB-7BA7-45BE-94BB-C6B542577294} = {8D8D1BB3-E56D-487C-9A8C-E82EC5AE4AD3}
		{C83C7978-4B1B-4608-9996-64F278DF8EBB} = {B8B82EBA-4E60-4045-ABC9-BAC178AB0D37}
		{BF0B7C3A-98E8-465C-9BCF-FA369FEA22C6} = {B8B82EBA-4E60-4045-ABC9-BAC178AB0D37}
		{170EC614-7189-4823-BC5B-5C8BE2F767F7} = {B8B82EBA-4E60-4045-ABC9-BAC178AB0D37}
		{0000BA6B-CEBC-420F-B093-A800B180BF23} = {B8B82EBA-4E60-4045-ABC9-BAC178AB0D37}
		{939F7B0A-EE5B-48B4-BEB4-A622ED50EDD9} = {B8B82EBA-4E60-4045-ABC9-BAC178AB0D37}
		{CFF9E387-749F-4D7A-A2A5-996A9E724B74} = {B8B82EBA-4E60-4045-ABC9-BAC178AB0D37}
		{CF34B256-F866-4C7C-ABBA-515AB49A410D} = {B8B82EBA-4E60-4045-ABC9-BAC178AB0D37}
		{B3E22D5B-010C-45DF-8A59-B3A4836194D7} = {B8B82EBA-4E60-4045-ABC9-BAC178AB0D37}
		{A8E2757C-0B91-449A-97B2-23DDADF07CB7} = {B8B82EBA-4E60-4045-ABC9-BAC178AB0D37}
	EndGlobalSection
EndGlobal
